// !$*UTF8*$!
{
	archiveVersion = 1;
	classes = {
	};
	objectVersion = 46;
	objects = {

/* Begin PBXBuildFile section */
		1D3623260D0F684500981E51 /* _0daylist_iphoneAppDelegate.m in Sources */ = {isa = PBXBuildFile; fileRef = 1D3623250D0F684500981E51 /* _0daylist_iphoneAppDelegate.m */; };
		1D60589B0D05DD56006BFB54 /* main.m in Sources */ = {isa = PBXBuildFile; fileRef = 29B97316FDCFA39411CA2CEA /* main.m */; };
		1D60589F0D05DD5A006BFB54 /* Foundation.framework in Frameworks */ = {isa = PBXBuildFile; fileRef = 1D30AB110D05D00D00671497 /* Foundation.framework */; };
		1DF5F4E00D08C38300B7A737 /* UIKit.framework in Frameworks */ = {isa = PBXBuildFile; fileRef = 1DF5F4DF0D08C38300B7A737 /* UIKit.framework */; };
		28193060112F816700ECF9B4 /* _0daylist_iphone.xcdatamodeld in Sources */ = {isa = PBXBuildFile; fileRef = 2819305F112F816700ECF9B4 /* _0daylist_iphone.xcdatamodeld */; };
		288765A50DF7441C002DB57D /* CoreGraphics.framework in Frameworks */ = {isa = PBXBuildFile; fileRef = 288765A40DF7441C002DB57D /* CoreGraphics.framework */; };
		28D801B40F44B63D00FB423F /* CoreData.framework in Frameworks */ = {isa = PBXBuildFile; fileRef = 28D801B30F44B63D00FB423F /* CoreData.framework */; };
		49002DC812C63FC70011E5B4 /* cell_bg.png in Resources */ = {isa = PBXBuildFile; fileRef = 49002DC712C63FC70011E5B4 /* cell_bg.png */; };
		490235F212BE8BE600329F60 /* TDBadgedCell.m in Sources */ = {isa = PBXBuildFile; fileRef = 490235F112BE8BE600329F60 /* TDBadgedCell.m */; };
		492BE975129B16AD0011657A /* ProductsOverviewController.m in Sources */ = {isa = PBXBuildFile; fileRef = 492BE974129B16AD0011657A /* ProductsOverviewController.m */; };
		4939162812C4B2D100C34228 /* MapKit.framework in Frameworks */ = {isa = PBXBuildFile; fileRef = 4939162712C4B2D100C34228 /* MapKit.framework */; };
		4939165112C4B31900C34228 /* MapViewController.m in Sources */ = {isa = PBXBuildFile; fileRef = 4939165012C4B31900C34228 /* MapViewController.m */; };
		4954C90612C77A92009A7F36 /* MKMapView+ZoomLevel.m in Sources */ = {isa = PBXBuildFile; fileRef = 4954C90512C77A92009A7F36 /* MKMapView+ZoomLevel.m */; };
		4954C94612C77E9C009A7F36 /* SSMapAnnotation.m in Sources */ = {isa = PBXBuildFile; fileRef = 4954C94512C77E9C009A7F36 /* SSMapAnnotation.m */; };
		4962858312E736520033E9BC /* 30daylist.xcmappingmodel in Sources */ = {isa = PBXBuildFile; fileRef = 4962858212E736520033E9BC /* 30daylist.xcmappingmodel */; };
		4968C68312A2C2C10079533A /* SingleProductViewController.m in Sources */ = {isa = PBXBuildFile; fileRef = 4968C68212A2C2C10079533A /* SingleProductViewController.m */; };
		49783E4912C74EBD0074CEA5 /* table_bg.png in Resources */ = {isa = PBXBuildFile; fileRef = 49783E4812C74EBD0074CEA5 /* table_bg.png */; };
		4980787C12C4E23A00B671F5 /* arrowleft.png in Resources */ = {isa = PBXBuildFile; fileRef = 4980787912C4E23A00B671F5 /* arrowleft.png */; };
		4980787D12C4E23A00B671F5 /* arrowright.png in Resources */ = {isa = PBXBuildFile; fileRef = 4980787A12C4E23A00B671F5 /* arrowright.png */; };
		4980787E12C4E23A00B671F5 /* reload.png in Resources */ = {isa = PBXBuildFile; fileRef = 4980787B12C4E23A00B671F5 /* reload.png */; };
		49A1ECA012C4833C00D41722 /* WebViewController.m in Sources */ = {isa = PBXBuildFile; fileRef = 49A1EC9F12C4833C00D41722 /* WebViewController.m */; };
		49A99B3B12B5485700C46DCE /* CoreLocation.framework in Frameworks */ = {isa = PBXBuildFile; fileRef = 49A99B3A12B5485700C46DCE /* CoreLocation.framework */; };
		49C5ACAB1364550F00FCEB9C /* MainWindow.xib in Resources */ = {isa = PBXBuildFile; fileRef = 49C5ACA31364550F00FCEB9C /* MainWindow.xib */; };
		49C5ACAC1364550F00FCEB9C /* MapView.xib in Resources */ = {isa = PBXBuildFile; fileRef = 49C5ACA51364550F00FCEB9C /* MapView.xib */; };
		49C5ACAD1364550F00FCEB9C /* SingleProductViewController.xib in Resources */ = {isa = PBXBuildFile; fileRef = 49C5ACA71364550F00FCEB9C /* SingleProductViewController.xib */; };
		49C5ACAE1364550F00FCEB9C /* WebView.xib in Resources */ = {isa = PBXBuildFile; fileRef = 49C5ACA91364550F00FCEB9C /* WebView.xib */; };
		49C5ACDE13645B9A00FCEB9C /* Localizable.strings in Resources */ = {isa = PBXBuildFile; fileRef = 49C5ACDC13645B9A00FCEB9C /* Localizable.strings */; };
		49D4BEF212E32730007F1758 /* default.png in Resources */ = {isa = PBXBuildFile; fileRef = 49D4BEF012E32730007F1758 /* default.png */; };
		49D4BEF312E32730007F1758 /* default@2x.png in Resources */ = {isa = PBXBuildFile; fileRef = 49D4BEF112E32730007F1758 /* default@2x.png */; };
		49D4BF0C12E32AD7007F1758 /* Icon-72.png in Resources */ = {isa = PBXBuildFile; fileRef = 49D4BF0912E32AD7007F1758 /* Icon-72.png */; };
		49D4BF0D12E32AD7007F1758 /* Icon.png in Resources */ = {isa = PBXBuildFile; fileRef = 49D4BF0A12E32AD7007F1758 /* Icon.png */; };
		49D4BF0E12E32AD7007F1758 /* Icon@2x.png in Resources */ = {isa = PBXBuildFile; fileRef = 49D4BF0B12E32AD7007F1758 /* Icon@2x.png */; };
		49D9177812EB0425008FE000 /* ProductManager.m in Sources */ = {isa = PBXBuildFile; fileRef = 49D9177712EB0425008FE000 /* ProductManager.m */; };
/* End PBXBuildFile section */

/* Begin PBXFileReference section */
		1D30AB110D05D00D00671497 /* Foundation.framework */ = {isa = PBXFileReference; lastKnownFileType = wrapper.framework; name = Foundation.framework; path = System/Library/Frameworks/Foundation.framework; sourceTree = SDKROOT; };
		1D3623240D0F684500981E51 /* _0daylist_iphoneAppDelegate.h */ = {isa = PBXFileReference; fileEncoding = 4; lastKnownFileType = sourcecode.c.h; path = _0daylist_iphoneAppDelegate.h; sourceTree = "<group>"; };
		1D3623250D0F684500981E51 /* _0daylist_iphoneAppDelegate.m */ = {isa = PBXFileReference; fileEncoding = 4; lastKnownFileType = sourcecode.c.objc; path = _0daylist_iphoneAppDelegate.m; sourceTree = "<group>"; };
		1D6058910D05DD3D006BFB54 /* 30daylist_iphone.app */ = {isa = PBXFileReference; explicitFileType = wrapper.application; includeInIndex = 0; path = 30daylist_iphone.app; sourceTree = BUILT_PRODUCTS_DIR; };
		1DF5F4DF0D08C38300B7A737 /* UIKit.framework */ = {isa = PBXFileReference; lastKnownFileType = wrapper.framework; name = UIKit.framework; path = System/Library/Frameworks/UIKit.framework; sourceTree = SDKROOT; };
		288765A40DF7441C002DB57D /* CoreGraphics.framework */ = {isa = PBXFileReference; lastKnownFileType = wrapper.framework; name = CoreGraphics.framework; path = System/Library/Frameworks/CoreGraphics.framework; sourceTree = SDKROOT; };
		28C3AD890F43EF2300507BA6 /* _0daylist_iphone.xcdatamodel */ = {isa = PBXFileReference; fileEncoding = 4; lastKnownFileType = wrapper.xcdatamodel; path = _0daylist_iphone.xcdatamodel; sourceTree = "<group>"; };
		28D801B30F44B63D00FB423F /* CoreData.framework */ = {isa = PBXFileReference; lastKnownFileType = wrapper.framework; name = CoreData.framework; path = System/Library/Frameworks/CoreData.framework; sourceTree = SDKROOT; };
		29B97316FDCFA39411CA2CEA /* main.m */ = {isa = PBXFileReference; fileEncoding = 4; lastKnownFileType = sourcecode.c.objc; path = main.m; sourceTree = "<group>"; };
		32CA4F630368D1EE00C91783 /* _0daylist_iphone_Prefix.pch */ = {isa = PBXFileReference; fileEncoding = 4; lastKnownFileType = sourcecode.c.h; path = _0daylist_iphone_Prefix.pch; sourceTree = "<group>"; };
		49002DC712C63FC70011E5B4 /* cell_bg.png */ = {isa = PBXFileReference; lastKnownFileType = image.png; path = cell_bg.png; sourceTree = "<group>"; };
		490235F012BE8BE600329F60 /* TDBadgedCell.h */ = {isa = PBXFileReference; fileEncoding = 4; lastKnownFileType = sourcecode.c.h; name = TDBadgedCell.h; path = ../TDBadgedCell.h; sourceTree = "<group>"; };
		490235F112BE8BE600329F60 /* TDBadgedCell.m */ = {isa = PBXFileReference; fileEncoding = 4; lastKnownFileType = sourcecode.c.objc; name = TDBadgedCell.m; path = ../TDBadgedCell.m; sourceTree = "<group>"; };
		492BE973129B16AD0011657A /* ProductsOverviewController.h */ = {isa = PBXFileReference; fileEncoding = 4; lastKnownFileType = sourcecode.c.h; name = ProductsOverviewController.h; path = ../ProductsOverviewController.h; sourceTree = "<group>"; };
		492BE974129B16AD0011657A /* ProductsOverviewController.m */ = {isa = PBXFileReference; fileEncoding = 4; lastKnownFileType = sourcecode.c.objc; name = ProductsOverviewController.m; path = ../ProductsOverviewController.m; sourceTree = "<group>"; };
		4939162712C4B2D100C34228 /* MapKit.framework */ = {isa = PBXFileReference; lastKnownFileType = wrapper.framework; name = MapKit.framework; path = System/Library/Frameworks/MapKit.framework; sourceTree = SDKROOT; };
		4939164F12C4B31900C34228 /* MapViewController.h */ = {isa = PBXFileReference; fileEncoding = 4; lastKnownFileType = sourcecode.c.h; path = MapViewController.h; sourceTree = "<group>"; };
		4939165012C4B31900C34228 /* MapViewController.m */ = {isa = PBXFileReference; fileEncoding = 4; lastKnownFileType = sourcecode.c.objc; path = MapViewController.m; sourceTree = "<group>"; };
		4954C90412C77A92009A7F36 /* MKMapView+ZoomLevel.h */ = {isa = PBXFileReference; fileEncoding = 4; lastKnownFileType = sourcecode.c.h; path = "MKMapView+ZoomLevel.h"; sourceTree = "<group>"; };
		4954C90512C77A92009A7F36 /* MKMapView+ZoomLevel.m */ = {isa = PBXFileReference; fileEncoding = 4; lastKnownFileType = sourcecode.c.objc; path = "MKMapView+ZoomLevel.m"; sourceTree = "<group>"; };
		4954C94412C77E9C009A7F36 /* SSMapAnnotation.h */ = {isa = PBXFileReference; fileEncoding = 4; lastKnownFileType = sourcecode.c.h; path = SSMapAnnotation.h; sourceTree = "<group>"; };
		4954C94512C77E9C009A7F36 /* SSMapAnnotation.m */ = {isa = PBXFileReference; fileEncoding = 4; lastKnownFileType = sourcecode.c.objc; path = SSMapAnnotation.m; sourceTree = "<group>"; };
		4962857C12E7359E0033E9BC /* _0daylist_iphone 4.xcdatamodel */ = {isa = PBXFileReference; lastKnownFileType = wrapper.xcdatamodel; path = "_0daylist_iphone 4.xcdatamodel"; sourceTree = "<group>"; };
		4962858212E736520033E9BC /* 30daylist.xcmappingmodel */ = {isa = PBXFileReference; fileEncoding = 4; lastKnownFileType = wrapper.xcmappingmodel; path = 30daylist.xcmappingmodel; sourceTree = "<group>"; };
		496285B212E73DA00033E9BC /* Entitlements.plist */ = {isa = PBXFileReference; fileEncoding = 4; lastKnownFileType = text.plist.xml; path = Entitlements.plist; sourceTree = "<group>"; };
		4968C68112A2C2C10079533A /* SingleProductViewController.h */ = {isa = PBXFileReference; fileEncoding = 4; lastKnownFileType = sourcecode.c.h; name = SingleProductViewController.h; path = ../SingleProductViewController.h; sourceTree = "<group>"; };
		4968C68212A2C2C10079533A /* SingleProductViewController.m */ = {isa = PBXFileReference; fileEncoding = 4; lastKnownFileType = sourcecode.c.objc; name = SingleProductViewController.m; path = ../SingleProductViewController.m; sourceTree = "<group>"; };
		49783E4812C74EBD0074CEA5 /* table_bg.png */ = {isa = PBXFileReference; lastKnownFileType = image.png; path = table_bg.png; sourceTree = "<group>"; };
		4980787912C4E23A00B671F5 /* arrowleft.png */ = {isa = PBXFileReference; lastKnownFileType = image.png; path = arrowleft.png; sourceTree = "<group>"; };
		4980787A12C4E23A00B671F5 /* arrowright.png */ = {isa = PBXFileReference; lastKnownFileType = image.png; path = arrowright.png; sourceTree = "<group>"; };
		4980787B12C4E23A00B671F5 /* reload.png */ = {isa = PBXFileReference; lastKnownFileType = image.png; path = reload.png; sourceTree = "<group>"; };
		49A1EC9E12C4833C00D41722 /* WebViewController.h */ = {isa = PBXFileReference; fileEncoding = 4; lastKnownFileType = sourcecode.c.h; path = WebViewController.h; sourceTree = "<group>"; };
		49A1EC9F12C4833C00D41722 /* WebViewController.m */ = {isa = PBXFileReference; fileEncoding = 4; lastKnownFileType = sourcecode.c.objc; path = WebViewController.m; sourceTree = "<group>"; };
		49A99B3A12B5485700C46DCE /* CoreLocation.framework */ = {isa = PBXFileReference; lastKnownFileType = wrapper.framework; name = CoreLocation.framework; path = System/Library/Frameworks/CoreLocation.framework; sourceTree = SDKROOT; };
		49C5ACA41364550F00FCEB9C /* en */ = {isa = PBXFileReference; lastKnownFileType = file.xib; name = en; path = en.lproj/MainWindow.xib; sourceTree = "<group>"; };
		49C5ACA61364550F00FCEB9C /* en */ = {isa = PBXFileReference; lastKnownFileType = file.xib; name = en; path = en.lproj/MapView.xib; sourceTree = "<group>"; };
		49C5ACA81364550F00FCEB9C /* en */ = {isa = PBXFileReference; lastKnownFileType = file.xib; name = en; path = en.lproj/SingleProductViewController.xib; sourceTree = "<group>"; };
		49C5ACAA1364550F00FCEB9C /* en */ = {isa = PBXFileReference; lastKnownFileType = file.xib; name = en; path = en.lproj/WebView.xib; sourceTree = "<group>"; };
		49C5ACAF1364569700FCEB9C /* de */ = {isa = PBXFileReference; lastKnownFileType = file.xib; name = de; path = de.lproj/MainWindow.xib; sourceTree = "<group>"; };
		49C5ACB0136456A100FCEB9C /* de */ = {isa = PBXFileReference; lastKnownFileType = file.xib; name = de; path = de.lproj/MapView.xib; sourceTree = "<group>"; };
		49C5ACB1136456A100FCEB9C /* de */ = {isa = PBXFileReference; lastKnownFileType = file.xib; name = de; path = de.lproj/SingleProductViewController.xib; sourceTree = "<group>"; };
		49C5ACB2136456A100FCEB9C /* de */ = {isa = PBXFileReference; lastKnownFileType = file.xib; name = de; path = de.lproj/WebView.xib; sourceTree = "<group>"; };
		49C5ACDD13645B9A00FCEB9C /* de */ = {isa = PBXFileReference; fileEncoding = 4; lastKnownFileType = text.plist.strings; name = de; path = de.lproj/Localizable.strings; sourceTree = "<group>"; };
		49C5ACDF13645BA500FCEB9C /* en */ = {isa = PBXFileReference; lastKnownFileType = text.plist.strings; name = en; path = en.lproj/Localizable.strings; sourceTree = "<group>"; };
		49D4BEF012E32730007F1758 /* default.png */ = {isa = PBXFileReference; lastKnownFileType = image.png; path = default.png; sourceTree = "<group>"; };
		49D4BEF112E32730007F1758 /* default@2x.png */ = {isa = PBXFileReference; lastKnownFileType = image.png; path = "default@2x.png"; sourceTree = "<group>"; };
		49D4BF0912E32AD7007F1758 /* Icon-72.png */ = {isa = PBXFileReference; lastKnownFileType = image.png; path = "Icon-72.png"; sourceTree = "<group>"; };
		49D4BF0A12E32AD7007F1758 /* Icon.png */ = {isa = PBXFileReference; lastKnownFileType = image.png; path = Icon.png; sourceTree = "<group>"; };
		49D4BF0B12E32AD7007F1758 /* Icon@2x.png */ = {isa = PBXFileReference; lastKnownFileType = image.png; path = "Icon@2x.png"; sourceTree = "<group>"; };
		49D9177612EB0425008FE000 /* ProductManager.h */ = {isa = PBXFileReference; fileEncoding = 4; lastKnownFileType = sourcecode.c.h; path = ProductManager.h; sourceTree = "<group>"; };
		49D9177712EB0425008FE000 /* ProductManager.m */ = {isa = PBXFileReference; fileEncoding = 4; lastKnownFileType = sourcecode.c.objc; path = ProductManager.m; sourceTree = "<group>"; };
		8D1107310486CEB800E47090 /* _0daylist_iphone-Info.plist */ = {isa = PBXFileReference; fileEncoding = 4; lastKnownFileType = text.plist.xml; path = "_0daylist_iphone-Info.plist"; plistStructureDefinitionIdentifier = "com.apple.xcode.plist.structure-definition.iphone.info-plist"; sourceTree = "<group>"; };
/* End PBXFileReference section */

/* Begin PBXFrameworksBuildPhase section */
		1D60588F0D05DD3D006BFB54 /* Frameworks */ = {
			isa = PBXFrameworksBuildPhase;
			buildActionMask = 2147483647;
			files = (
				1D60589F0D05DD5A006BFB54 /* Foundation.framework in Frameworks */,
				1DF5F4E00D08C38300B7A737 /* UIKit.framework in Frameworks */,
				288765A50DF7441C002DB57D /* CoreGraphics.framework in Frameworks */,
				28D801B40F44B63D00FB423F /* CoreData.framework in Frameworks */,
				49A99B3B12B5485700C46DCE /* CoreLocation.framework in Frameworks */,
				4939162812C4B2D100C34228 /* MapKit.framework in Frameworks */,
			);
			runOnlyForDeploymentPostprocessing = 0;
		};
/* End PBXFrameworksBuildPhase section */

/* Begin PBXGroup section */
		080E96DDFE201D6D7F000001 /* Classes */ = {
			isa = PBXGroup;
			children = (
				4954C90412C77A92009A7F36 /* MKMapView+ZoomLevel.h */,
				4954C90512C77A92009A7F36 /* MKMapView+ZoomLevel.m */,
				490235F012BE8BE600329F60 /* TDBadgedCell.h */,
				490235F112BE8BE600329F60 /* TDBadgedCell.m */,
				4968C68112A2C2C10079533A /* SingleProductViewController.h */,
				4968C68212A2C2C10079533A /* SingleProductViewController.m */,
				492BE973129B16AD0011657A /* ProductsOverviewController.h */,
				492BE974129B16AD0011657A /* ProductsOverviewController.m */,
				1D3623240D0F684500981E51 /* _0daylist_iphoneAppDelegate.h */,
				1D3623250D0F684500981E51 /* _0daylist_iphoneAppDelegate.m */,
				49A1EC9E12C4833C00D41722 /* WebViewController.h */,
				49A1EC9F12C4833C00D41722 /* WebViewController.m */,
				4939164F12C4B31900C34228 /* MapViewController.h */,
				4939165012C4B31900C34228 /* MapViewController.m */,
				4954C94412C77E9C009A7F36 /* SSMapAnnotation.h */,
				4954C94512C77E9C009A7F36 /* SSMapAnnotation.m */,
				49D9177612EB0425008FE000 /* ProductManager.h */,
				49D9177712EB0425008FE000 /* ProductManager.m */,
			);
			path = Classes;
			sourceTree = "<group>";
		};
		19C28FACFE9D520D11CA2CBB /* Products */ = {
			isa = PBXGroup;
			children = (
				1D6058910D05DD3D006BFB54 /* 30daylist_iphone.app */,
			);
			name = Products;
			sourceTree = "<group>";
		};
		29B97314FDCFA39411CA2CEA /* CustomTemplate */ = {
			isa = PBXGroup;
			children = (
				49C5ACDC13645B9A00FCEB9C /* Localizable.strings */,
				080E96DDFE201D6D7F000001 /* Classes */,
				29B97315FDCFA39411CA2CEA /* Other Sources */,
				29B97317FDCFA39411CA2CEA /* Resources */,
				29B97323FDCFA39411CA2CEA /* Frameworks */,
				19C28FACFE9D520D11CA2CBB /* Products */,
				496285B212E73DA00033E9BC /* Entitlements.plist */,
			);
			name = CustomTemplate;
			sourceTree = "<group>";
		};
		29B97315FDCFA39411CA2CEA /* Other Sources */ = {
			isa = PBXGroup;
			children = (
				32CA4F630368D1EE00C91783 /* _0daylist_iphone_Prefix.pch */,
				29B97316FDCFA39411CA2CEA /* main.m */,
			);
			name = "Other Sources";
			sourceTree = "<group>";
		};
		29B97317FDCFA39411CA2CEA /* Resources */ = {
			isa = PBXGroup;
			children = (
				49C5ACA31364550F00FCEB9C /* MainWindow.xib */,
				49C5ACA51364550F00FCEB9C /* MapView.xib */,
				49C5ACA71364550F00FCEB9C /* SingleProductViewController.xib */,
				49C5ACA91364550F00FCEB9C /* WebView.xib */,
				49D4BEF012E32730007F1758 /* default.png */,
				49D4BEF112E32730007F1758 /* default@2x.png */,
				49783E4812C74EBD0074CEA5 /* table_bg.png */,
				49002DC712C63FC70011E5B4 /* cell_bg.png */,
				49D4BF0912E32AD7007F1758 /* Icon-72.png */,
				49D4BF0A12E32AD7007F1758 /* Icon.png */,
				49D4BF0B12E32AD7007F1758 /* Icon@2x.png */,
				4980787812C4E23A00B671F5 /* icons */,
				2819305F112F816700ECF9B4 /* _0daylist_iphone.xcdatamodeld */,
				8D1107310486CEB800E47090 /* _0daylist_iphone-Info.plist */,
			);
			name = Resources;
			sourceTree = "<group>";
		};
		29B97323FDCFA39411CA2CEA /* Frameworks */ = {
			isa = PBXGroup;
			children = (
				49A99B3A12B5485700C46DCE /* CoreLocation.framework */,
				4939162712C4B2D100C34228 /* MapKit.framework */,
				1DF5F4DF0D08C38300B7A737 /* UIKit.framework */,
				1D30AB110D05D00D00671497 /* Foundation.framework */,
				288765A40DF7441C002DB57D /* CoreGraphics.framework */,
				28D801B30F44B63D00FB423F /* CoreData.framework */,
			);
			name = Frameworks;
			sourceTree = "<group>";
		};
		4980787812C4E23A00B671F5 /* icons */ = {
			isa = PBXGroup;
			children = (
				4980787912C4E23A00B671F5 /* arrowleft.png */,
				4980787A12C4E23A00B671F5 /* arrowright.png */,
				4980787B12C4E23A00B671F5 /* reload.png */,
			);
			path = icons;
			sourceTree = "<group>";
		};
/* End PBXGroup section */

/* Begin PBXNativeTarget section */
		1D6058900D05DD3D006BFB54 /* 30daylist_iphone */ = {
			isa = PBXNativeTarget;
			buildConfigurationList = 1D6058960D05DD3E006BFB54 /* Build configuration list for PBXNativeTarget "30daylist_iphone" */;
			buildPhases = (
				1D60588D0D05DD3D006BFB54 /* Resources */,
				1D60588E0D05DD3D006BFB54 /* Sources */,
				1D60588F0D05DD3D006BFB54 /* Frameworks */,
			);
			buildRules = (
			);
			dependencies = (
			);
			name = 30daylist_iphone;
			productName = 30daylist_iphone;
			productReference = 1D6058910D05DD3D006BFB54 /* 30daylist_iphone.app */;
			productType = "com.apple.product-type.application";
		};
/* End PBXNativeTarget section */

/* Begin PBXProject section */
		29B97313FDCFA39411CA2CEA /* Project object */ = {
			isa = PBXProject;
			buildConfigurationList = C01FCF4E08A954540054247B /* Build configuration list for PBXProject "30daylist_iphone" */;
			compatibilityVersion = "Xcode 3.2";
			developmentRegion = English;
			hasScannedForEncodings = 1;
			knownRegions = (
				English,
				Japanese,
				French,
				German,
				en,
				de,
			);
			mainGroup = 29B97314FDCFA39411CA2CEA /* CustomTemplate */;
			projectDirPath = "";
			projectRoot = "";
			targets = (
				1D6058900D05DD3D006BFB54 /* 30daylist_iphone */,
			);
		};
/* End PBXProject section */

/* Begin PBXResourcesBuildPhase section */
		1D60588D0D05DD3D006BFB54 /* Resources */ = {
			isa = PBXResourcesBuildPhase;
			buildActionMask = 2147483647;
			files = (
				4980787C12C4E23A00B671F5 /* arrowleft.png in Resources */,
				4980787D12C4E23A00B671F5 /* arrowright.png in Resources */,
				4980787E12C4E23A00B671F5 /* reload.png in Resources */,
				49002DC812C63FC70011E5B4 /* cell_bg.png in Resources */,
				49783E4912C74EBD0074CEA5 /* table_bg.png in Resources */,
				49D4BEF212E32730007F1758 /* default.png in Resources */,
				49D4BEF312E32730007F1758 /* default@2x.png in Resources */,
				49D4BF0C12E32AD7007F1758 /* Icon-72.png in Resources */,
				49D4BF0D12E32AD7007F1758 /* Icon.png in Resources */,
				49D4BF0E12E32AD7007F1758 /* Icon@2x.png in Resources */,
				49C5ACAB1364550F00FCEB9C /* MainWindow.xib in Resources */,
				49C5ACAC1364550F00FCEB9C /* MapView.xib in Resources */,
				49C5ACAD1364550F00FCEB9C /* SingleProductViewController.xib in Resources */,
				49C5ACAE1364550F00FCEB9C /* WebView.xib in Resources */,
				49C5ACDE13645B9A00FCEB9C /* Localizable.strings in Resources */,
			);
			runOnlyForDeploymentPostprocessing = 0;
		};
/* End PBXResourcesBuildPhase section */

/* Begin PBXSourcesBuildPhase section */
		1D60588E0D05DD3D006BFB54 /* Sources */ = {
			isa = PBXSourcesBuildPhase;
			buildActionMask = 2147483647;
			files = (
				1D60589B0D05DD56006BFB54 /* main.m in Sources */,
				1D3623260D0F684500981E51 /* _0daylist_iphoneAppDelegate.m in Sources */,
				28193060112F816700ECF9B4 /* _0daylist_iphone.xcdatamodeld in Sources */,
				492BE975129B16AD0011657A /* ProductsOverviewController.m in Sources */,
				4968C68312A2C2C10079533A /* SingleProductViewController.m in Sources */,
				490235F212BE8BE600329F60 /* TDBadgedCell.m in Sources */,
				49A1ECA012C4833C00D41722 /* WebViewController.m in Sources */,
				4939165112C4B31900C34228 /* MapViewController.m in Sources */,
				4954C90612C77A92009A7F36 /* MKMapView+ZoomLevel.m in Sources */,
				4954C94612C77E9C009A7F36 /* SSMapAnnotation.m in Sources */,
				4962858312E736520033E9BC /* 30daylist.xcmappingmodel in Sources */,
				49D9177812EB0425008FE000 /* ProductManager.m in Sources */,
			);
			runOnlyForDeploymentPostprocessing = 0;
		};
/* End PBXSourcesBuildPhase section */

/* Begin PBXVariantGroup section */
		49C5ACA31364550F00FCEB9C /* MainWindow.xib */ = {
			isa = PBXVariantGroup;
			children = (
				49C5ACA41364550F00FCEB9C /* en */,
				49C5ACAF1364569700FCEB9C /* de */,
			);
			name = MainWindow.xib;
			sourceTree = "<group>";
		};
		49C5ACA51364550F00FCEB9C /* MapView.xib */ = {
			isa = PBXVariantGroup;
			children = (
				49C5ACA61364550F00FCEB9C /* en */,
				49C5ACB0136456A100FCEB9C /* de */,
			);
			name = MapView.xib;
			sourceTree = "<group>";
		};
		49C5ACA71364550F00FCEB9C /* SingleProductViewController.xib */ = {
			isa = PBXVariantGroup;
			children = (
				49C5ACA81364550F00FCEB9C /* en */,
				49C5ACB1136456A100FCEB9C /* de */,
			);
			name = SingleProductViewController.xib;
			sourceTree = "<group>";
		};
		49C5ACA91364550F00FCEB9C /* WebView.xib */ = {
			isa = PBXVariantGroup;
			children = (
				49C5ACAA1364550F00FCEB9C /* en */,
				49C5ACB2136456A100FCEB9C /* de */,
			);
			name = WebView.xib;
			sourceTree = "<group>";
		};
		49C5ACDC13645B9A00FCEB9C /* Localizable.strings */ = {
			isa = PBXVariantGroup;
			children = (
				49C5ACDD13645B9A00FCEB9C /* de */,
				49C5ACDF13645BA500FCEB9C /* en */,
			);
			name = Localizable.strings;
			sourceTree = "<group>";
		};
/* End PBXVariantGroup section */

/* Begin XCBuildConfiguration section */
		1D6058940D05DD3E006BFB54 /* Debug */ = {
			isa = XCBuildConfiguration;
			buildSettings = {
				ALWAYS_SEARCH_USER_PATHS = NO;
				CODE_SIGN_ENTITLEMENTS = "~/workspace/30daylist_iphone/Entitlements.plist";
				COPY_PHASE_STRIP = NO;
				GCC_DYNAMIC_NO_PIC = NO;
				GCC_OPTIMIZATION_LEVEL = 0;
				GCC_PRECOMPILE_PREFIX_HEADER = YES;
				GCC_PREFIX_HEADER = _0daylist_iphone_Prefix.pch;
				INFOPLIST_FILE = "_0daylist_iphone-Info.plist";
				PRODUCT_NAME = 30daylist_iphone;
			};
			name = Debug;
		};
		1D6058950D05DD3E006BFB54 /* Release */ = {
			isa = XCBuildConfiguration;
			buildSettings = {
				ALWAYS_SEARCH_USER_PATHS = NO;
				CODE_SIGN_ENTITLEMENTS = "~/workspace/30daylist_iphone/Entitlements.plist";
				COPY_PHASE_STRIP = YES;
				GCC_PRECOMPILE_PREFIX_HEADER = YES;
				GCC_PREFIX_HEADER = _0daylist_iphone_Prefix.pch;
				INFOPLIST_FILE = "_0daylist_iphone-Info.plist";
				PRODUCT_NAME = 30daylist_iphone;
				VALIDATE_PRODUCT = YES;
			};
			name = Release;
		};
		496285A912E73D1D0033E9BC /* Distribution */ = {
			isa = XCBuildConfiguration;
			buildSettings = {
				ARCHS = "$(ARCHS_STANDARD_32_BIT)";
				"CODE_SIGN_IDENTITY[sdk=iphoneos*]" = "iPhone Distribution: Marc-Oliver Teschke";
				GCC_C_LANGUAGE_STANDARD = c99;
				GCC_WARN_ABOUT_RETURN_TYPE = YES;
				GCC_WARN_UNUSED_VARIABLE = YES;
				IPHONEOS_DEPLOYMENT_TARGET = 4.2;
				OTHER_CFLAGS = "-DNS_BLOCK_ASSERTIONS=1";
				PREBINDING = NO;
				"PROVISIONING_PROFILE[sdk=iphoneos*]" = "DF329E5E-BA1B-4016-8FDF-5511728413C8";
				SDKROOT = iphoneos;
			};
			name = Distribution;
		};
		496285AA12E73D1D0033E9BC /* Distribution */ = {
			isa = XCBuildConfiguration;
			buildSettings = {
				ALWAYS_SEARCH_USER_PATHS = NO;
				CODE_SIGN_ENTITLEMENTS = "~/workspace/30daylist_iphone/Entitlements.plist";
				COPY_PHASE_STRIP = YES;
				GCC_PRECOMPILE_PREFIX_HEADER = YES;
				GCC_PREFIX_HEADER = _0daylist_iphone_Prefix.pch;
				INFOPLIST_FILE = "_0daylist_iphone-Info.plist";
				PRODUCT_NAME = 30daylist_iphone;
				VALIDATE_PRODUCT = YES;
			};
			name = Distribution;
		};
		C01FCF4F08A954540054247B /* Debug */ = {
			isa = XCBuildConfiguration;
			buildSettings = {
				ARCHS = "$(ARCHS_STANDARD_32_BIT)";
				"CODE_SIGN_IDENTITY[sdk=iphoneos*]" = "iPhone Developer";
				GCC_C_LANGUAGE_STANDARD = c99;
				GCC_WARN_ABOUT_RETURN_TYPE = YES;
				GCC_WARN_UNUSED_VARIABLE = YES;
				PREBINDING = NO;
				SDKROOT = iphoneos;
			};
			name = Debug;
		};
		C01FCF5008A954540054247B /* Release */ = {
			isa = XCBuildConfiguration;
			buildSettings = {
				ARCHS = "$(ARCHS_STANDARD_32_BIT)";
				"CODE_SIGN_IDENTITY[sdk=iphoneos*]" = "iPhone Developer";
				GCC_C_LANGUAGE_STANDARD = c99;
				GCC_WARN_ABOUT_RETURN_TYPE = YES;
				GCC_WARN_UNUSED_VARIABLE = YES;
				IPHONEOS_DEPLOYMENT_TARGET = 4.2;
				OTHER_CFLAGS = "-DNS_BLOCK_ASSERTIONS=1";
				PREBINDING = NO;
				SDKROOT = iphoneos;
			};
			name = Release;
		};
/* End XCBuildConfiguration section */

/* Begin XCConfigurationList section */
		1D6058960D05DD3E006BFB54 /* Build configuration list for PBXNativeTarget "30daylist_iphone" */ = {
			isa = XCConfigurationList;
			buildConfigurations = (
				1D6058940D05DD3E006BFB54 /* Debug */,
				1D6058950D05DD3E006BFB54 /* Release */,
				496285AA12E73D1D0033E9BC /* Distribution */,
			);
			defaultConfigurationIsVisible = 0;
			defaultConfigurationName = Release;
		};
		C01FCF4E08A954540054247B /* Build configuration list for PBXProject "30daylist_iphone" */ = {
			isa = XCConfigurationList;
			buildConfigurations = (
				C01FCF4F08A954540054247B /* Debug */,
				C01FCF5008A954540054247B /* Release */,
				496285A912E73D1D0033E9BC /* Distribution */,
			);
			defaultConfigurationIsVisible = 0;
			defaultConfigurationName = Release;
		};
/* End XCConfigurationList section */

/* Begin XCVersionGroup section */
		2819305F112F816700ECF9B4 /* _0daylist_iphone.xcdatamodeld */ = {
			isa = XCVersionGroup;
			children = (
				28C3AD890F43EF2300507BA6 /* _0daylist_iphone.xcdatamodel */,
				4962857C12E7359E0033E9BC /* _0daylist_iphone 4.xcdatamodel */,
				4962858212E736520033E9BC /* 30daylist.xcmappingmodel */,
			);
			currentVersion = 4962857C12E7359E0033E9BC /* _0daylist_iphone 4.xcdatamodel */;
			path = _0daylist_iphone.xcdatamodeld;
			sourceTree = "<group>";
			versionGroupType = wrapper.xcdatamodel;
		};
/* End XCVersionGroup section */
	};
	rootObject = 29B97313FDCFA39411CA2CEA /* Project object */;
}
